
Microsoft Visual Studio Solution File, Format Version 12.00
Project("{FAE04EC0-301F-11D3-BF4B-00C04F79EFBC}") = "HotelAPI", "HotelAPI\HotelAPI.csproj", "{AF50DBFC-FE8D-404B-8E5F-CFF11ADE102E}"
EndProject
Global
	GlobalSection(SolutionConfigurationPlatforms) = preSolution
		Debug|Any CPU = Debug|Any CPU
		Release|Any CPU = Release|Any CPU
	EndGlobalSection
	GlobalSection(ProjectConfigurationPlatforms) = postSolution
		{AF50DBFC-FE8D-404B-8E5F-CFF11ADE102E}.Debug|Any CPU.ActiveCfg = Debug|Any CPU
		{AF50DBFC-FE8D-404B-8E5F-CFF11ADE102E}.Debug|Any CPU.Build.0 = Debug|Any CPU
		{AF50DBFC-FE8D-404B-8E5F-CFF11ADE102E}.Release|Any CPU.ActiveCfg = Release|Any CPU
		{AF50DBFC-FE8D-404B-8E5F-CFF11ADE102E}.Release|Any CPU.Build.0 = Release|Any CPU
	EndGlobalSection
EndGlobal
